dependencies:
- name: kasm-helm
  repository: file://../kasm-helm
  version: 1.1200.0-develop
- name: kasm-agent
  repository: file://../kasm-agent
  version: 1.1200.0-develop
digest: sha256:b9bb440ab5aeaa6893573000fbe27ebbc35aad06a2bb7e4ddb71bf12848db75c
generated: "2026-09-16T15:58:11.779185-05:00"
